
Microsoft Visual Studio Solution File, Format Version 12.00
# Visual Studio 2012
Project("{FAE04EC0-301F-11D3-BF4B-00C04F79EFBC}") = "PointCloudSocket", "PointCloudSocket\PointCloudSocket.csproj", "{89EA00D8-0F08-4E14-9A4D-D15930D34D94}"
EndProject
Global
	GlobalSection(SolutionConfigurationPlatforms) = preSolution
		Debug|x86 = Debug|x86
		Release|x86 = Release|x86
	EndGlobalSection
	GlobalSection(ProjectConfigurationPlatforms) = postSolution
		{89EA00D8-0F08-4E14-9A4D-D15930D34D94}.Debug|x86.ActiveCfg = Debug|x86
		{89EA00D8-0F08-4E14-9A4D-D15930D34D94}.Debug|x86.Build.0 = Debug|x86
		{89EA00D8-0F08-4E14-9A4D-D15930D34D94}.Release|x86.ActiveCfg = Release|x86
		{89EA00D8-0F08-4E14-9A4D-D15930D34D94}.Release|x86.Build.0 = Release|x86
	EndGlobalSection
EndGlobal
